// !$*UTF8*$!
{
	archiveVersion = 1;
	classes = {
	};
	objectVersion = 50;
	objects = {

/* Begin PBXBuildFile section */
		AEA7D8982509D99000F03A31 /* AppDelegate.swift in Sources */ = {isa = PBXBuildFile; fileRef = AEA7D8972509D99000F03A31 /* AppDelegate.swift */; };
		AEA7D89A2509D99000F03A31 /* SceneDelegate.swift in Sources */ = {isa = PBXBuildFile; fileRef = AEA7D8992509D99000F03A31 /* SceneDelegate.swift */; };
		AEA7D89C2509D99000F03A31 /* ViewController.swift in Sources */ = {isa = PBXBuildFile; fileRef = AEA7D89B2509D99000F03A31 /* ViewController.swift */; };
		AEA7D89F2509D99000F03A31 /* Main.storyboard in Resources */ = {isa = PBXBuildFile; fileRef = AEA7D89D2509D99000F03A31 /* Main.storyboard */; };
		AEA7D8A12509D99100F03A31 /* Assets.xcassets in Resources */ = {isa = PBXBuildFile; fileRef = AEA7D8A02509D99100F03A31 /* Assets.xcassets */; };
		AEA7D8A42509D99100F03A31 /* LaunchScreen.storyboard in Resources */ = {isa = PBXBuildFile; fileRef = AEA7D8A22509D99100F03A31 /* LaunchScreen.storyboard */; };
		AEA7D8AF2509D99100F03A31 /* SwiftDemoTests.swift in Sources */ = {isa = PBXBuildFile; fileRef = AEA7D8AE2509D99100F03A31 /* SwiftDemoTests.swift */; };
		AEA7D8BA2509D99200F03A31 /* SwiftDemoUITests.swift in Sources */ = {isa = PBXBuildFile; fileRef = AEA7D8B92509D99100F03A31 /* SwiftDemoUITests.swift */; };
/* End PBXBuildFile section */

/* Begin PBXContainerItemProxy section */
		AEA7D8AB2509D99100F03A31 /* PBXContainerItemProxy */ = {
			isa = PBXContainerItemProxy;
			containerPortal = AEA7D88C2509D99000F03A31 /* Project object */;
			proxyType = 1;
			remoteGlobalIDString = AEA7D8932509D99000F03A31;
			remoteInfo = SwiftDemo;
		};
		AEA7D8B62509D99100F03A31 /* PBXContainerItemProxy */ = {
			isa = PBXContainerItemProxy;
			containerPortal = AEA7D88C2509D99000F03A31 /* Project object */;
			proxyType = 1;
			remoteGlobalIDString = AEA7D8932509D99000F03A31;
			remoteInfo = SwiftDemo;
		};
/* End PBXContainerItemProxy section */

/* Begin PBXFileReference section */
		AEA7D8942509D99000F03A31 /* SwiftDemo.app */ = {isa = PBXFileReference; explicitFileType = wrapper.application; includeInIndex = 0; path = SwiftDemo.app; sourceTree = BUILT_PRODUCTS_DIR; };
		AEA7D8972509D99000F03A31 /* AppDelegate.swift */ = {isa = PBXFileReference; lastKnownFileType = sourcecode.swift; path = AppDelegate.swift; sourceTree = "<group>"; };
		AEA7D8992509D99000F03A31 /* SceneDelegate.swift */ = {isa = PBXFileReference; lastKnownFileType = sourcecode.swift; path = SceneDelegate.swift; sourceTree = "<group>"; };
		AEA7D89B2509D99000F03A31 /* ViewController.swift */ = {isa = PBXFileReference; lastKnownFileType = sourcecode.swift; path = ViewController.swift; sourceTree = "<group>"; };
		AEA7D89E2509D99000F03A31 /* Base */ = {isa = PBXFileReference; lastKnownFileType = file.storyboard; name = Base; path = Base.lproj/Main.storyboard; sourceTree = "<group>"; };
		AEA7D8A02509D99100F03A31 /* Assets.xcassets */ = {isa = PBXFileReference; lastKnownFileType = folder.assetcatalog; path = Assets.xcassets; sourceTree = "<group>"; };
		AEA7D8A32509D99100F03A31 /* Base */ = {isa = PBXFileReference; lastKnownFileType = file.storyboard; name = Base; path = Base.lproj/LaunchScreen.storyboard; sourceTree = "<group>"; };
		AEA7D8A52509D99100F03A31 /* Info.plist */ = {isa = PBXFileReference; lastKnownFileType = text.plist.xml; path = Info.plist; sourceTree = "<group>"; };
		AEA7D8AA2509D99100F03A31 /* SwiftDemoTests.xctest */ = {isa = PBXFileReference; explicitFileType = wrapper.cfbundle; includeInIndex = 0; path = SwiftDemoTests.xctest; sourceTree = BUILT_PRODUCTS_DIR; };
		AEA7D8AE2509D99100F03A31 /* SwiftDemoTests.swift */ = {isa = PBXFileReference; lastKnownFileType = sourcecode.swift; path = SwiftDemoTests.swift; sourceTree = "<group>"; };
		AEA7D8B02509D99100F03A31 /* Info.plist */ = {isa = PBXFileReference; lastKnownFileType = text.plist.xml; path = Info.plist; sourceTree = "<group>"; };
		AEA7D8B52509D99100F03A31 /* SwiftDemoUITests.xctest */ = {isa = PBXFileReference; explicitFileType = wrapper.cfbundle; includeInIndex = 0; path = SwiftDemoUITests.xctest; sourceTree = BUILT_PRODUCTS_DIR; };
		AEA7D8B92509D99100F03A31 /* SwiftDemoUITests.swift */ = {isa = PBXFileReference; lastKnownFileType = sourcecode.swift; path = SwiftDemoUITests.swift; sourceTree = "<group>"; };
		AEA7D8BB2509D99200F03A31 /* Info.plist */ = {isa = PBXFileReference; lastKnownFileType = text.plist.xml; path = Info.plist; sourceTree = "<group>"; };
/* End PBXFileReference section */

/* Begin PBXFrameworksBuildPhase section */
		AEA7D8912509D99000F03A31 /* Frameworks */ = {
			isa = PBXFrameworksBuildPhase;
			buildActionMask = 2147483647;
			files = (
			);
			runOnlyForDeploymentPostprocessing = 0;
		};
		AEA7D8A72509D99100F03A31 /* Frameworks */ = {
			isa = PBXFrameworksBuildPhase;
			buildActionMask = 2147483647;
			files = (
			);
			runOnlyForDeploymentPostprocessing = 0;
		};
		AEA7D8B22509D99100F03A31 /* Frameworks */ = {
			isa = PBXFrameworksBuildPhase;
			buildActionMask = 2147483647;
			files = (
			);
			runOnlyForDeploymentPostprocessing = 0;
		};
/* End PBXFrameworksBuildPhase section */

/* Begin PBXGroup section */
		AEA7D88B2509D99000F03A31 = {
			isa = PBXGroup;
			children = (
				AEA7D8962509D99000F03A31 /* SwiftDemo */,
				AEA7D8AD2509D99100F03A31 /* SwiftDemoTests */,
				AEA7D8B82509D99100F03A31 /* SwiftDemoUITests */,
				AEA7D8952509D99000F03A31 /* Products */,
			);
			sourceTree = "<group>";
		};
		AEA7D8952509D99000F03A31 /* Products */ = {
			isa = PBXGroup;
			children = (
				AEA7D8942509D99000F03A31 /* SwiftDemo.app */,
				AEA7D8AA2509D99100F03A31 /* SwiftDemoTests.xctest */,
				AEA7D8B52509D99100F03A31 /* SwiftDemoUITests.xctest */,
			);
			name = Products;
			sourceTree = "<group>";
		};
		AEA7D8962509D99000F03A31 /* SwiftDemo */ = {
			isa = PBXGroup;
			children = (
				AEA7D8972509D99000F03A31 /* AppDelegate.swift */,
				AEA7D8992509D99000F03A31 /* SceneDelegate.swift */,
				AEA7D89B2509D99000F03A31 /* ViewController.swift */,
				AEA7D89D2509D99000F03A31 /* Main.storyboard */,
				AEA7D8A02509D99100F03A31 /* Assets.xcassets */,
				AEA7D8A22509D99100F03A31 /* LaunchScreen.storyboard */,
				AEA7D8A52509D99100F03A31 /* Info.plist */,
			);
			path = SwiftDemo;
			sourceTree = "<group>";
		};
		AEA7D8AD2509D99100F03A31 /* SwiftDemoTests */ = {
			isa = PBXGroup;
			children = (
				AEA7D8AE2509D99100F03A31 /* SwiftDemoTests.swift */,
				AEA7D8B02509D99100F03A31 /* Info.plist */,
			);
			path = SwiftDemoTests;
			sourceTree = "<group>";
		};
		AEA7D8B82509D99100F03A31 /* SwiftDemoUITests */ = {
			isa = PBXGroup;
			children = (
				AEA7D8B92509D99100F03A31 /* SwiftDemoUITests.swift */,
				AEA7D8BB2509D99200F03A31 /* Info.plist */,
			);
			path = SwiftDemoUITests;
			sourceTree = "<group>";
		};
/* End PBXGroup section */

/* Begin PBXNativeTarget section */
		AEA7D8932509D99000F03A31 /* SwiftDemo */ = {
			isa = PBXNativeTarget;
			buildConfigurationList = AEA7D8BE2509D99200F03A31 /* Build configuration list for PBXNativeTarget "SwiftDemo" */;
			buildPhases = (
				AEA7D8902509D99000F03A31 /* Sources */,
				AEA7D8912509D99000F03A31 /* Frameworks */,
				AEA7D8922509D99000F03A31 /* Resources */,
			);
			buildRules = (
			);
			dependencies = (
			);
			name = SwiftDemo;
			productName = SwiftDemo;
			productReference = AEA7D8942509D99000F03A31 /* SwiftDemo.app */;
			productType = "com.apple.product-type.application";
		};
		AEA7D8A92509D99100F03A31 /* SwiftDemoTests */ = {
			isa = PBXNativeTarget;
			buildConfigurationList = AEA7D8C12509D99200F03A31 /* Build configuration list for PBXNativeTarget "SwiftDemoTests" */;
			buildPhases = (
				AEA7D8A62509D99100F03A31 /* Sources */,
				AEA7D8A72509D99100F03A31 /* Frameworks */,
				AEA7D8A82509D99100F03A31 /* Resources */,
			);
			buildRules = (
			);
			dependencies = (
				AEA7D8AC2509D99100F03A31 /* PBXTargetDependency */,
			);
			name = SwiftDemoTests;
			productName = SwiftDemoTests;
			productReference = AEA7D8AA2509D99100F03A31 /* SwiftDemoTests.xctest */;
			productType = "com.apple.product-type.bundle.unit-test";
		};
		AEA7D8B42509D99100F03A31 /* SwiftDemoUITests */ = {
			isa = PBXNativeTarget;
			buildConfigurationList = AEA7D8C42509D99200F03A31 /* Build configuration list for PBXNativeTarget "SwiftDemoUITests" */;
			buildPhases = (
				AEA7D8B12509D99100F03A31 /* Sources */,
				AEA7D8B22509D99100F03A31 /* Frameworks */,
				AEA7D8B32509D99100F03A31 /* Resources */,
			);
			buildRules = (
			);
			dependencies = (
				AEA7D8B72509D99100F03A31 /* PBXTargetDependency */,
			);
			name = SwiftDemoUITests;
			productName = SwiftDemoUITests;
			productReference = AEA7D8B52509D99100F03A31 /* SwiftDemoUITests.xctest */;
			productType = "com.apple.product-type.bundle.ui-testing";
		};
/* End PBXNativeTarget section */

/* Begin PBXProject section */
		AEA7D88C2509D99000F03A31 /* Project object */ = {
			isa = PBXProject;
			attributes = {
				LastSwiftUpdateCheck = 1200;
				LastUpgradeCheck = 1200;
				TargetAttributes = {
					AEA7D8932509D99000F03A31 = {
						CreatedOnToolsVersion = 12.0;
					};
					AEA7D8A92509D99100F03A31 = {
						CreatedOnToolsVersion = 12.0;
						TestTargetID = AEA7D8932509D99000F03A31;
					};
					AEA7D8B42509D99100F03A31 = {
						CreatedOnToolsVersion = 12.0;
						TestTargetID = AEA7D8932509D99000F03A31;
					};
				};
			};
			buildConfigurationList = AEA7D88F2509D99000F03A31 /* Build configuration list for PBXProject "SwiftDemo" */;
			compatibilityVersion = "Xcode 9.3";
			developmentRegion = en;
			hasScannedForEncodings = 0;
			knownRegions = (
				en,
				Base,
			);
			mainGroup = AEA7D88B2509D99000F03A31;
			productRefGroup = AEA7D8952509D99000F03A31 /* Products */;
			projectDirPath = "";
			projectRoot = "";
			targets = (
				AEA7D8932509D99000F03A31 /* SwiftDemo */,
				AEA7D8A92509D99100F03A31 /* SwiftDemoTests */,
				AEA7D8B42509D99100F03A31 /* SwiftDemoUITests */,
			);
		};
/* End PBXProject section */

/* Begin PBXResourcesBuildPhase section */
		AEA7D8922509D99000F03A31 /* Resources */ = {
			isa = PBXResourcesBuildPhase;
			buildActionMask = 2147483647;
			files = (
				AEA7D8A42509D99100F03A31 /* LaunchScreen.storyboard in Resources */,
				AEA7D8A12509D99100F03A31 /* Assets.xcassets in Resources */,
				AEA7D89F2509D99000F03A31 /* Main.storyboard in Resources */,
			);
			runOnlyForDeploymentPostprocessing = 0;
		};
		AEA7D8A82509D99100F03A31 /* Resources */ = {
			isa = PBXResourcesBuildPhase;
			buildActionMask = 2147483647;
			files = (
			);
			runOnlyForDeploymentPostprocessing = 0;
		};
		AEA7D8B32509D99100F03A31 /* Resources */ = {
			isa = PBXResourcesBuildPhase;
			buildActionMask = 2147483647;
			files = (
			);
			runOnlyForDeploymentPostprocessing = 0;
		};
/* End PBXResourcesBuildPhase section */

/* Begin PBXSourcesBuildPhase section */
		AEA7D8902509D99000F03A31 /* Sources */ = {
			isa = PBXSourcesBuildPhase;
			buildActionMask = 2147483647;
			files = (
				AEA7D89C2509D99000F03A31 /* ViewController.swift in Sources */,
				AEA7D8982509D99000F03A31 /* AppDelegate.swift in Sources */,
				AEA7D89A2509D99000F03A31 /* SceneDelegate.swift in Sources */,
			);
			runOnlyForDeploymentPostprocessing = 0;
		};
		AEA7D8A62509D99100F03A31 /* Sources */ = {
			isa = PBXSourcesBuildPhase;
			buildActionMask = 2147483647;
			files = (
				AEA7D8AF2509D99100F03A31 /* SwiftDemoTests.swift in Sources */,
			);
			runOnlyForDeploymentPostprocessing = 0;
		};
		AEA7D8B12509D99100F03A31 /* Sources */ = {
			isa = PBXSourcesBuildPhase;
			buildActionMask = 2147483647;
			files = (
				AEA7D8BA2509D99200F03A31 /* SwiftDemoUITests.swift in Sources */,
			);
			runOnlyForDeploymentPostprocessing = 0;
		};
/* End PBXSourcesBuildPhase section */

/* Begin PBXTargetDependency section */
		AEA7D8AC2509D99100F03A31 /* PBXTargetDependency */ = {
			isa = PBXTargetDependency;
			target = AEA7D8932509D99000F03A31 /* SwiftDemo */;
			targetProxy = AEA7D8AB2509D99100F03A31 /* PBXContainerItemProxy */;
		};
		AEA7D8B72509D99100F03A31 /* PBXTargetDependency */ = {
			isa = PBXTargetDependency;
			target = AEA7D8932509D99000F03A31 /* SwiftDemo */;
			targetProxy = AEA7D8B62509D99100F03A31 /* PBXContainerItemProxy */;
		};
/* End PBXTargetDependency section */

/* Begin PBXVariantGroup section */
		AEA7D89D2509D99000F03A31 /* Main.storyboard */ = {
			isa = PBXVariantGroup;
			children = (
				AEA7D89E2509D99000F03A31 /* Base */,
			);
			name = Main.storyboard;
			sourceTree = "<group>";
		};
		AEA7D8A22509D99100F03A31 /* LaunchScreen.storyboard */ = {
			isa = PBXVariantGroup;
			children = (
				AEA7D8A32509D99100F03A31 /* Base */,
			);
			name = LaunchScreen.storyboard;
			sourceTree = "<group>";
		};
/* End PBXVariantGroup section */

/* Begin XCBuildConfiguration section */
		AEA7D8BC2509D99200F03A31 /* Debug */ = {
			isa = XCBuildConfiguration;
			buildSettings = {
				ALWAYS_SEARCH_USER_PATHS = NO;
				CLANG_ANALYZER_NONNULL = YES;
				CLANG_ANALYZER_NUMBER_OBJECT_CONVERSION = YES_AGGRESSIVE;
				CLANG_CXX_LANGUAGE_STANDARD = "gnu++14";
				CLANG_CXX_LIBRARY = "libc++";
				CLANG_ENABLE_MODULES = YES;
				CLANG_ENABLE_OBJC_ARC = YES;
				CLANG_ENABLE_OBJC_WEAK = YES;
				CLANG_WARN_BLOCK_CAPTURE_AUTORELEASING = YES;
				CLANG_WARN_BOOL_CONVERSION = YES;
				CLANG_WARN_COMMA = YES;
				CLANG_WARN_CONSTANT_CONVERSION = YES;
				CLANG_WARN_DEPRECATED_OBJC_IMPLEMENTATIONS = YES;
				CLANG_WARN_DIRECT_OBJC_ISA_USAGE = YES_ERROR;
				CLANG_WARN_DOCUMENTATION_COMMENTS = YES;
				CLANG_WARN_EMPTY_BODY = YES;
				CLANG_WARN_ENUM_CONVERSION = YES;
				CLANG_WARN_INFINITE_RECURSION = YES;
				CLANG_WARN_INT_CONVERSION = YES;
				CLANG_WARN_NON_LITERAL_NULL_CONVERSION = YES;
				CLANG_WARN_OBJC_IMPLICIT_RETAIN_SELF = YES;
				CLANG_WARN_OBJC_LITERAL_CONVERSION = YES;
				CLANG_WARN_OBJC_ROOT_CLASS = YES_ERROR;
				CLANG_WARN_QUOTED_INCLUDE_IN_FRAMEWORK_HEADER = YES;
				CLANG_WARN_RANGE_LOOP_ANALYSIS = YES;
				CLANG_WARN_STRICT_PROTOTYPES = YES;
				CLANG_WARN_SUSPICIOUS_MOVE = YES;
				CLANG_WARN_UNGUARDED_AVAILABILITY = YES_AGGRESSIVE;
				CLANG_WARN_UNREACHABLE_CODE = YES;
				CLANG_WARN__DUPLICATE_METHOD_MATCH = YES;
				COPY_PHASE_STRIP = NO;
				DEBUG_INFORMATION_FORMAT = dwarf;
				ENABLE_STRICT_OBJC_MSGSEND = YES;
				ENABLE_TESTABILITY = YES;
				GCC_C_LANGUAGE_STANDARD = gnu11;
				GCC_DYNAMIC_NO_PIC = NO;
				GCC_NO_COMMON_BLOCKS = YES;
				GCC_OPTIMIZATION_LEVEL = 0;
				GCC_PREPROCESSOR_DEFINITIONS = (
					"DEBUG=1",
					"$(inherited)",
				);
				GCC_WARN_64_TO_32_BIT_CONVERSION = YES;
				GCC_WARN_ABOUT_RETURN_TYPE = YES_ERROR;
				GCC_WARN_UNDECLARED_SELECTOR = YES;
				GCC_WARN_UNINITIALIZED_AUTOS = YES_AGGRESSIVE;
				GCC_WARN_UNUSED_FUNCTION = YES;
				GCC_WARN_UNUSED_VARIABLE = YES;
				IPHONEOS_DEPLOYMENT_TARGET = 14.0;
				MTL_ENABLE_DEBUG_INFO = INCLUDE_SOURCE;
				MTL_FAST_MATH = YES;
				ONLY_ACTIVE_ARCH = YES;
				SDKROOT = iphoneos;
				SWIFT_ACTIVE_COMPILATION_CONDITIONS = DEBUG;
				SWIFT_OPTIMIZATION_LEVEL = "-Onone";
			};
			name = Debug;
		};
		AEA7D8BD2509D99200F03A31 /* Release */ = {
			isa = XCBuildConfiguration;
			buildSettings = {
				ALWAYS_SEARCH_USER_PATHS = NO;
				CLANG_ANALYZER_NONNULL = YES;
				CLANG_ANALYZER_NUMBER_OBJECT_CONVERSION = YES_AGGRESSIVE;
				CLANG_CXX_LANGUAGE_STANDARD = "gnu++14";
				CLANG_CXX_LIBRARY = "libc++";
				CLANG_ENABLE_MODULES = YES;
				CLANG_ENABLE_OBJC_ARC = YES;
				CLANG_ENABLE_OBJC_WEAK = YES;
				CLANG_WARN_BLOCK_CAPTURE_AUTORELEASING = YES;
				CLANG_WARN_BOOL_CONVERSION = YES;
				CLANG_WARN_COMMA = YES;
				CLANG_WARN_CONSTANT_CONVERSION = YES;
				CLANG_WARN_DEPRECATED_OBJC_IMPLEMENTATIONS = YES;
				CLANG_WARN_DIRECT_OBJC_ISA_USAGE = YES_ERROR;
				CLANG_WARN_DOCUMENTATION_COMMENTS = YES;
				CLANG_WARN_EMPTY_BODY = YES;
				CLANG_WARN_ENUM_CONVERSION = YES;
				CLANG_WARN_INFINITE_RECURSION = YES;
				CLANG_WARN_INT_CONVERSION = YES;
				CLANG_WARN_NON_LITERAL_NULL_CONVERSION = YES;
				CLANG_WARN_OBJC_IMPLICIT_RETAIN_SELF = YES;
				CLANG_WARN_OBJC_LITERAL_CONVERSION = YES;
				CLANG_WARN_OBJC_ROOT_CLASS = YES_ERROR;
				CLANG_WARN_QUOTED_INCLUDE_IN_FRAMEWORK_HEADER = YES;
				CLANG_WARN_RANGE_LOOP_ANALYSIS = YES;
				CLANG_WARN_STRICT_PROTOTYPES = YES;
				CLANG_WARN_SUSPICIOUS_MOVE = YES;
				CLANG_WARN_UNGUARDED_AVAILABILITY = YES_AGGRESSIVE;
				CLANG_WARN_UNREACHABLE_CODE = YES;
				CLANG_WARN__DUPLICATE_METHOD_MATCH = YES;
				COPY_PHASE_STRIP = NO;
				DEBUG_INFORMATION_FORMAT = "dwarf-with-dsym";
				ENABLE_NS_ASSERTIONS = NO;
				ENABLE_STRICT_OBJC_MSGSEND = YES;
				GCC_C_LANGUAGE_STANDARD = gnu11;
				GCC_NO_COMMON_BLOCKS = YES;
				GCC_WARN_64_TO_32_BIT_CONVERSION = YES;
				GCC_WARN_ABOUT_RETURN_TYPE = YES_ERROR;
				GCC_WARN_UNDECLARED_SELECTOR = YES;
				GCC_WARN_UNINITIALIZED_AUTOS = YES_AGGRESSIVE;
				GCC_WARN_UNUSED_FUNCTION = YES;
				GCC_WARN_UNUSED_VARIABLE = YES;
				IPHONEOS_DEPLOYMENT_TARGET = 14.0;
				MTL_ENABLE_DEBUG_INFO = NO;
				MTL_FAST_MATH = YES;
				SDKROOT = iphoneos;
				SWIFT_COMPILATION_MODE = wholemodule;
				SWIFT_OPTIMIZATION_LEVEL = "-O";
				VALIDATE_PRODUCT = YES;
			};
			name = Release;
		};
		AEA7D8BF2509D99200F03A31 /* Debug */ = {
			isa = XCBuildConfiguration;
			buildSettings = {
				ASSETCATALOG_COMPILER_APPICON_NAME = AppIcon;
				ASSETCATALOG_COMPILER_GLOBAL_ACCENT_COLOR_NAME = AccentColor;
				CODE_SIGN_STYLE = Automatic;
				INFOPLIST_FILE = SwiftDemo/Info.plist;
				LD_RUNPATH_SEARCH_PATHS = (
					"$(inherited)",
					"@executable_path/Frameworks",
				);
				PRODUCT_BUNDLE_IDENTIFIER = YouHui.SwiftDemo;
				PRODUCT_NAME = "$(TARGET_NAME)";
				SWIFT_VERSION = 5.0;
				TARGETED_DEVICE_FAMILY = "1,2";
			};
			name = Debug;
		};
		AEA7D8C02509D99200F03A31 /* Release */ = {
			isa = XCBuildConfiguration;
			buildSettings = {
				ASSETCATALOG_COMPILER_APPICON_NAME = AppIcon;
				ASSETCATALOG_COMPILER_GLOBAL_ACCENT_COLOR_NAME = AccentColor;
				CODE_SIGN_STYLE = Automatic;
				INFOPLIST_FILE = SwiftDemo/Info.plist;
				LD_RUNPATH_SEARCH_PATHS = (
					"$(inherited)",
					"@executable_path/Frameworks",
				);
				PRODUCT_BUNDLE_IDENTIFIER = YouHui.SwiftDemo;
				PRODUCT_NAME = "$(TARGET_NAME)";
				SWIFT_VERSION = 5.0;
				TARGETED_DEVICE_FAMILY = "1,2";
			};
			name = Release;
		};
		AEA7D8C22509D99200F03A31 /* Debug */ = {
			isa = XCBuildConfiguration;
			buildSettings = {
				ALWAYS_EMBED_SWIFT_STANDARD_LIBRARIES = YES;
				BUNDLE_LOADER = "$(TEST_HOST)";
				CODE_SIGN_STYLE = Automatic;
				INFOPLIST_FILE = SwiftDemoTests/Info.plist;
				IPHONEOS_DEPLOYMENT_TARGET = 14.0;
				LD_RUNPATH_SEARCH_PATHS = (
					"$(inherited)",
					"@executable_path/Frameworks",
					"@loader_path/Frameworks",
				);
				PRODUCT_BUNDLE_IDENTIFIER = YouHui.SwiftDemoTests;
				PRODUCT_NAME = "$(TARGET_NAME)";
				SWIFT_VERSION = 5.0;
				TARGETED_DEVICE_FAMILY = "1,2";
				TEST_HOST = "$(BUILT_PRODUCTS_DIR)/SwiftDemo.app/SwiftDemo";
			};
			name = Debug;
		};
		AEA7D8C32509D99200F03A31 /* Release */ = {
			isa = XCBuildConfiguration;
			buildSettings = {
				ALWAYS_EMBED_SWIFT_STANDARD_LIBRARIES = YES;
				BUNDLE_LOADER = "$(TEST_HOST)";
				CODE_SIGN_STYLE = Automatic;
				INFOPLIST_FILE = SwiftDemoTests/Info.plist;
				IPHONEOS_DEPLOYMENT_TARGET = 14.0;
				LD_RUNPATH_SEARCH_PATHS = (
					"$(inherited)",
					"@executable_path/Frameworks",
					"@loader_path/Frameworks",
				);
				PRODUCT_BUNDLE_IDENTIFIER = YouHui.SwiftDemoTests;
				PRODUCT_NAME = "$(TARGET_NAME)";
				SWIFT_VERSION = 5.0;
				TARGETED_DEVICE_FAMILY = "1,2";
				TEST_HOST = "$(BUILT_PRODUCTS_DIR)/SwiftDemo.app/SwiftDemo";
			};
			name = Release;
		};
		AEA7D8C52509D99200F03A31 /* Debug */ = {
			isa = XCBuildConfiguration;
			buildSettings = {
				ALWAYS_EMBED_SWIFT_STANDARD_LIBRARIES = YES;
				CODE_SIGN_STYLE = Automatic;
				INFOPLIST_FILE = SwiftDemoUITests/Info.plist;
				LD_RUNPATH_SEARCH_PATHS = (
					"$(inherited)",
					"@executable_path/Frameworks",
					"@loader_path/Frameworks",
				);
				PRODUCT_BUNDLE_IDENTIFIER = YouHui.SwiftDemoUITests;
				PRODUCT_NAME = "$(TARGET_NAME)";
				SWIFT_VERSION = 5.0;
				TARGETED_DEVICE_FAMILY = "1,2";
				TEST_TARGET_NAME = SwiftDemo;
			};
			name = Debug;
		};
		AEA7D8C62509D99200F03A31 /* Release */ = {
			isa = XCBuildConfiguration;
			buildSettings = {
				ALWAYS_EMBED_SWIFT_STANDARD_LIBRARIES = YES;
				CODE_SIGN_STYLE = Automatic;
				INFOPLIST_FILE = SwiftDemoUITests/Info.plist;
				LD_RUNPATH_SEARCH_PATHS = (
					"$(inherited)",
					"@executable_path/Frameworks",
					"@loader_path/Frameworks",
				);
				PRODUCT_BUNDLE_IDENTIFIER = YouHui.SwiftDemoUITests;
				PRODUCT_NAME = "$(TARGET_NAME)";
				SWIFT_VERSION = 5.0;
				TARGETED_DEVICE_FAMILY = "1,2";
				TEST_TARGET_NAME = SwiftDemo;
			};
			name = Release;
		};
/* End XCBuildConfiguration section */

/* Begin XCConfigurationList section */
		AEA7D88F2509D99000F03A31 /* Build configuration list for PBXProject "SwiftDemo" */ = {
			isa = XCConfigurationList;
			buildConfigurations = (
				AEA7D8BC2509D99200F03A31 /* Debug */,
				AEA7D8BD2509D99200F03A31 /* Release */,
			);
			defaultConfigurationIsVisible = 0;
			defaultConfigurationName = Release;
		};
		AEA7D8BE2509D99200F03A31 /* Build configuration list for PBXNativeTarget "SwiftDemo" */ = {
			isa = XCConfigurationList;
			buildConfigurations = (
				AEA7D8BF2509D99200F03A31 /* Debug */,
				AEA7D8C02509D99200F03A31 /* Release */,
			);
			defaultConfigurationIsVisible = 0;
			defaultConfigurationName = Release;
		};
		AEA7D8C12509D99200F03A31 /* Build configuration list for PBXNativeTarget "SwiftDemoTests" */ = {
			isa = XCConfigurationList;
			buildConfigurations = (
				AEA7D8C22509D99200F03A31 /* Debug */,
				AEA7D8C32509D99200F03A31 /* Release */,
			);
			defaultConfigurationIsVisible = 0;
			defaultConfigurationName = Release;
		};
		AEA7D8C42509D99200F03A31 /* Build configuration list for PBXNativeTarget "SwiftDemoUITests" */ = {
			isa = XCConfigurationList;
			buildConfigurations = (
				AEA7D8C52509D99200F03A31 /* Debug */,
				AEA7D8C62509D99200F03A31 /* Release */,
			);
			defaultConfigurationIsVisible = 0;
			defaultConfigurationName = Release;
		};
/* End XCConfigurationList section */
	};
	rootObject = AEA7D88C2509D99000F03A31 /* Project object */;
}
